# THIS IS AN AUTOGENERATED FILE. DO NOT EDIT THIS FILE DIRECTLY.
# yarn lockfile v1


immer@^4.0.2:
  version "4.0.2"
  resolved "https://registry.yarnpkg.com/immer/-/immer-4.0.2.tgz#9ff0fcdf88e06f92618a5978ceecb5884e633559"
  integrity sha512-Q/tm+yKqnKy4RIBmmtISBlhXuSDrB69e9EKTYiIenIKQkXBQir43w+kN/eGiax3wt1J0O1b2fYcNqLSbEcXA7w==
